
Microsoft Visual Studio Solution File, Format Version 12.00
# Visual Studio Version 16
VisualStudioVersion = 16.0.30204.135
MinimumVisualStudioVersion = 10.0.40219.1
Project("{FAE04EC0-301F-11D3-BF4B-00C04F79EFBC}") = "WebAPI-HttpCalling-Framework", "WebAPI-HttpCalling-Framework\WebAPI-HttpCalling-Framework.csproj", "{2BEB0751-283B-404E-B090-B9CA3D639136}"
EndProject
Global
	GlobalSection(SolutionConfigurationPlatforms) = preSolution
		Debug|Any CPU = Debug|Any CPU
		Release|Any CPU = Release|Any CPU
	EndGlobalSection
	GlobalSection(ProjectConfigurationPlatforms) = postSolution
		{2BEB0751-283B-404E-B090-B9CA3D639136}.Debug|Any CPU.ActiveCfg = Debug|Any CPU
		{2BEB0751-283B-404E-B090-B9CA3D639136}.Debug|Any CPU.Build.0 = Debug|Any CPU
		{2BEB0751-283B-404E-B090-B9CA3D639136}.Release|Any CPU.ActiveCfg = Release|Any CPU
		{2BEB0751-283B-404E-B090-B9CA3D639136}.Release|Any CPU.Build.0 = Release|Any CPU
	EndGlobalSection
	GlobalSection(SolutionProperties) = preSolution
		HideSolutionNode = FALSE
	EndGlobalSection
	GlobalSection(ExtensibilityGlobals) = postSolution
		SolutionGuid = {4B20C8A2-1957-4A35-8BE8-473AD61DA1BB}
	EndGlobalSection
EndGlobal
